
Microsoft Visual Studio Solution File, Format Version 12.00
# Visual Studio Version 17
VisualStudioVersion = 17.7.34031.279
MinimumVisualStudioVersion = 10.0.40219.1
Project("{FAE04EC0-301F-11D3-BF4B-00C04F79EFBC}") = "FolderSynchronization", "Folder synchronization\FolderSynchronization.csproj", "{ECC7BAFD-39FE-4CF4-A1F3-86A7DC8F4514}"
EndProject
Global
	GlobalSection(SolutionConfigurationPlatforms) = preSolution
		Debug|Any CPU = Debug|Any CPU
		Release|Any CPU = Release|Any CPU
	EndGlobalSection
	GlobalSection(ProjectConfigurationPlatforms) = postSolution
		{ECC7BAFD-39FE-4CF4-A1F3-86A7DC8F4514}.Debug|Any CPU.ActiveCfg = Debug|Any CPU
		{ECC7BAFD-39FE-4CF4-A1F3-86A7DC8F4514}.Debug|Any CPU.Build.0 = Debug|Any CPU
		{ECC7BAFD-39FE-4CF4-A1F3-86A7DC8F4514}.Release|Any CPU.ActiveCfg = Release|Any CPU
		{ECC7BAFD-39FE-4CF4-A1F3-86A7DC8F4514}.Release|Any CPU.Build.0 = Release|Any CPU
	EndGlobalSection
	GlobalSection(SolutionProperties) = preSolution
		HideSolutionNode = FALSE
	EndGlobalSection
	GlobalSection(ExtensibilityGlobals) = postSolution
		SolutionGuid = {176A92A4-92D1-40B5-81EC-AAAA0C99986D}
	EndGlobalSection
EndGlobal
